// !$*UTF8*$!
{
	archiveVersion = 1;
	classes = {
	};
	objectVersion = 56;
	objects = {

/* Begin PBXBuildFile section */
		C930BB652BC52FE500C5A6DF /* User.swift in Sources */ = {isa = PBXBuildFile; fileRef = C930BB642BC52FE500C5A6DF /* User.swift */; };
		C930BB672BC52FEF00C5A6DF /* Follower.swift in Sources */ = {isa = PBXBuildFile; fileRef = C930BB662BC52FEF00C5A6DF /* Follower.swift */; };
		C930BB6D2BC535CA00C5A6DF /* APICaller.swift in Sources */ = {isa = PBXBuildFile; fileRef = C930BB6C2BC535CA00C5A6DF /* APICaller.swift */; };
		C930BB722BC536E100C5A6DF /* UIViewController+Extension.swift in Sources */ = {isa = PBXBuildFile; fileRef = C930BB712BC536E100C5A6DF /* UIViewController+Extension.swift */; };
		C930BB752BC5494500C5A6DF /* GHFError.swift in Sources */ = {isa = PBXBuildFile; fileRef = C930BB742BC5494500C5A6DF /* GHFError.swift */; };
		C984B7C12BC55568005D976A /* FollowerCollectionViewCell.xib in Resources */ = {isa = PBXBuildFile; fileRef = C984B7C02BC55568005D976A /* FollowerCollectionViewCell.xib */; };
		C984B7C22BC55568005D976A /* FollowerCollectionViewCell.swift in Sources */ = {isa = PBXBuildFile; fileRef = C984B7BF2BC55568005D976A /* FollowerCollectionViewCell.swift */; };
		C984B7C52BC6287D005D976A /* Constants.swift in Sources */ = {isa = PBXBuildFile; fileRef = C984B7C42BC6287D005D976A /* Constants.swift */; };
		C984B7CA2BC6435C005D976A /* AlertVC.xib in Resources */ = {isa = PBXBuildFile; fileRef = C984B7C92BC6435C005D976A /* AlertVC.xib */; };
		C984B7CB2BC6435C005D976A /* AlertVC.swift in Sources */ = {isa = PBXBuildFile; fileRef = C984B7C82BC6435C005D976A /* AlertVC.swift */; };
		C984B7CD2BC6465B005D976A /* UIView+Extension.swift in Sources */ = {isa = PBXBuildFile; fileRef = C984B7CC2BC6465B005D976A /* UIView+Extension.swift */; };
		C995FC1C2BC5231D00C14926 /* AppDelegate.swift in Sources */ = {isa = PBXBuildFile; fileRef = C995FC1B2BC5231D00C14926 /* AppDelegate.swift */; };
		C995FC1E2BC5231D00C14926 /* SceneDelegate.swift in Sources */ = {isa = PBXBuildFile; fileRef = C995FC1D2BC5231D00C14926 /* SceneDelegate.swift */; };
		C995FC232BC5231D00C14926 /* Base in Resources */ = {isa = PBXBuildFile; fileRef = C995FC222BC5231D00C14926 /* Base */; };
		C995FC262BC5231D00C14926 /* iOSCoreData.xcdatamodeld in Sources */ = {isa = PBXBuildFile; fileRef = C995FC242BC5231D00C14926 /* iOSCoreData.xcdatamodeld */; };
		C995FC282BC5231E00C14926 /* Assets.xcassets in Resources */ = {isa = PBXBuildFile; fileRef = C995FC272BC5231E00C14926 /* Assets.xcassets */; };
		C995FC2B2BC5231E00C14926 /* Base in Resources */ = {isa = PBXBuildFile; fileRef = C995FC2A2BC5231E00C14926 /* Base */; };
		C995FC392BC5257000C14926 /* SearchVC.swift in Sources */ = {isa = PBXBuildFile; fileRef = C995FC382BC5257000C14926 /* SearchVC.swift */; };
		C995FC3B2BC5257B00C14926 /* FavoriteVC.swift in Sources */ = {isa = PBXBuildFile; fileRef = C995FC3A2BC5257B00C14926 /* FavoriteVC.swift */; };
		C995FC3E2BC5258A00C14926 /* FollowersVC.xib in Resources */ = {isa = PBXBuildFile; fileRef = C995FC3D2BC5258A00C14926 /* FollowersVC.xib */; };
		C995FC3F2BC5258A00C14926 /* FollowersVC.swift in Sources */ = {isa = PBXBuildFile; fileRef = C995FC3C2BC5258A00C14926 /* FollowersVC.swift */; };
		C995FC422BC5259800C14926 /* UserInfoVC.xib in Resources */ = {isa = PBXBuildFile; fileRef = C995FC412BC5259800C14926 /* UserInfoVC.xib */; };
		C995FC432BC5259800C14926 /* UserInfoVC.swift in Sources */ = {isa = PBXBuildFile; fileRef = C995FC402BC5259800C14926 /* UserInfoVC.swift */; };
/* End PBXBuildFile section */

/* Begin PBXFileReference section */
		C930BB642BC52FE500C5A6DF /* User.swift */ = {isa = PBXFileReference; lastKnownFileType = sourcecode.swift; path = User.swift; sourceTree = "<group>"; };
		C930BB662BC52FEF00C5A6DF /* Follower.swift */ = {isa = PBXFileReference; lastKnownFileType = sourcecode.swift; path = Follower.swift; sourceTree = "<group>"; };
		C930BB6C2BC535CA00C5A6DF /* APICaller.swift */ = {isa = PBXFileReference; lastKnownFileType = sourcecode.swift; path = APICaller.swift; sourceTree = "<group>"; };
		C930BB712BC536E100C5A6DF /* UIViewController+Extension.swift */ = {isa = PBXFileReference; lastKnownFileType = sourcecode.swift; path = "UIViewController+Extension.swift"; sourceTree = "<group>"; };
		C930BB742BC5494500C5A6DF /* GHFError.swift */ = {isa = PBXFileReference; lastKnownFileType = sourcecode.swift; path = GHFError.swift; sourceTree = "<group>"; };
		C984B7BF2BC55568005D976A /* FollowerCollectionViewCell.swift */ = {isa = PBXFileReference; lastKnownFileType = sourcecode.swift; path = FollowerCollectionViewCell.swift; sourceTree = "<group>"; };
		C984B7C02BC55568005D976A /* FollowerCollectionViewCell.xib */ = {isa = PBXFileReference; lastKnownFileType = file.xib; path = FollowerCollectionViewCell.xib; sourceTree = "<group>"; };
		C984B7C42BC6287D005D976A /* Constants.swift */ = {isa = PBXFileReference; lastKnownFileType = sourcecode.swift; path = Constants.swift; sourceTree = "<group>"; };
		C984B7C82BC6435C005D976A /* AlertVC.swift */ = {isa = PBXFileReference; lastKnownFileType = sourcecode.swift; path = AlertVC.swift; sourceTree = "<group>"; };
		C984B7C92BC6435C005D976A /* AlertVC.xib */ = {isa = PBXFileReference; lastKnownFileType = file.xib; path = AlertVC.xib; sourceTree = "<group>"; };
		C984B7CC2BC6465B005D976A /* UIView+Extension.swift */ = {isa = PBXFileReference; lastKnownFileType = sourcecode.swift; path = "UIView+Extension.swift"; sourceTree = "<group>"; };
		C995FC182BC5231D00C14926 /* iOSCoreData.app */ = {isa = PBXFileReference; explicitFileType = wrapper.application; includeInIndex = 0; path = iOSCoreData.app; sourceTree = BUILT_PRODUCTS_DIR; };
		C995FC1B2BC5231D00C14926 /* AppDelegate.swift */ = {isa = PBXFileReference; lastKnownFileType = sourcecode.swift; path = AppDelegate.swift; sourceTree = "<group>"; };
		C995FC1D2BC5231D00C14926 /* SceneDelegate.swift */ = {isa = PBXFileReference; lastKnownFileType = sourcecode.swift; path = SceneDelegate.swift; sourceTree = "<group>"; };
		C995FC222BC5231D00C14926 /* Base */ = {isa = PBXFileReference; lastKnownFileType = file.storyboard; name = Base; path = Base.lproj/Main.storyboard; sourceTree = "<group>"; };
		C995FC252BC5231D00C14926 /* iOSCoreData.xcdatamodel */ = {isa = PBXFileReference; lastKnownFileType = wrapper.xcdatamodel; path = iOSCoreData.xcdatamodel; sourceTree = "<group>"; };
		C995FC272BC5231E00C14926 /* Assets.xcassets */ = {isa = PBXFileReference; lastKnownFileType = folder.assetcatalog; path = Assets.xcassets; sourceTree = "<group>"; };
		C995FC2A2BC5231E00C14926 /* Base */ = {isa = PBXFileReference; lastKnownFileType = file.storyboard; name = Base; path = Base.lproj/LaunchScreen.storyboard; sourceTree = "<group>"; };
		C995FC2C2BC5231E00C14926 /* Info.plist */ = {isa = PBXFileReference; lastKnownFileType = text.plist.xml; path = Info.plist; sourceTree = "<group>"; };
		C995FC382BC5257000C14926 /* SearchVC.swift */ = {isa = PBXFileReference; lastKnownFileType = sourcecode.swift; path = SearchVC.swift; sourceTree = "<group>"; };
		C995FC3A2BC5257B00C14926 /* FavoriteVC.swift */ = {isa = PBXFileReference; lastKnownFileType = sourcecode.swift; path = FavoriteVC.swift; sourceTree = "<group>"; };
		C995FC3C2BC5258A00C14926 /* FollowersVC.swift */ = {isa = PBXFileReference; lastKnownFileType = sourcecode.swift; path = FollowersVC.swift; sourceTree = "<group>"; };
		C995FC3D2BC5258A00C14926 /* FollowersVC.xib */ = {isa = PBXFileReference; lastKnownFileType = file.xib; path = FollowersVC.xib; sourceTree = "<group>"; };
		C995FC402BC5259800C14926 /* UserInfoVC.swift */ = {isa = PBXFileReference; lastKnownFileType = sourcecode.swift; path = UserInfoVC.swift; sourceTree = "<group>"; };
		C995FC412BC5259800C14926 /* UserInfoVC.xib */ = {isa = PBXFileReference; lastKnownFileType = file.xib; path = UserInfoVC.xib; sourceTree = "<group>"; };
/* End PBXFileReference section */

/* Begin PBXFrameworksBuildPhase section */
		C995FC152BC5231D00C14926 /* Frameworks */ = {
			isa = PBXFrameworksBuildPhase;
			buildActionMask = 2147483647;
			files = (
			);
			runOnlyForDeploymentPostprocessing = 0;
		};
/* End PBXFrameworksBuildPhase section */

/* Begin PBXGroup section */
		C930BB632BC52FCE00C5A6DF /* Models */ = {
			isa = PBXGroup;
			children = (
				C930BB642BC52FE500C5A6DF /* User.swift */,
				C930BB662BC52FEF00C5A6DF /* Follower.swift */,
			);
			path = Models;
			sourceTree = "<group>";
		};
		C930BB682BC5358A00C5A6DF /* Data */ = {
			isa = PBXGroup;
			children = (
				C930BB692BC535A300C5A6DF /* CoreData */,
				C930BB6B2BC535B700C5A6DF /* API */,
			);
			path = Data;
			sourceTree = "<group>";
		};
		C930BB692BC535A300C5A6DF /* CoreData */ = {
			isa = PBXGroup;
			children = (
			);
			path = CoreData;
			sourceTree = "<group>";
		};
		C930BB6B2BC535B700C5A6DF /* API */ = {
			isa = PBXGroup;
			children = (
				C930BB6C2BC535CA00C5A6DF /* APICaller.swift */,
			);
			path = API;
			sourceTree = "<group>";
		};
		C930BB702BC536CD00C5A6DF /* Extensions */ = {
			isa = PBXGroup;
			children = (
				C930BB712BC536E100C5A6DF /* UIViewController+Extension.swift */,
				C984B7CC2BC6465B005D976A /* UIView+Extension.swift */,
			);
			path = Extensions;
			sourceTree = "<group>";
		};
		C930BB732BC5492500C5A6DF /* Helpers */ = {
			isa = PBXGroup;
			children = (
				C930BB742BC5494500C5A6DF /* GHFError.swift */,
			);
			path = Helpers;
			sourceTree = "<group>";
		};
		C984B7C32BC6286B005D976A /* Constant */ = {
			isa = PBXGroup;
			children = (
				C984B7C42BC6287D005D976A /* Constants.swift */,
			);
			path = Constant;
			sourceTree = "<group>";
		};
		C984B7C62BC62A68005D976A /* Cell */ = {
			isa = PBXGroup;
			children = (
				C984B7BF2BC55568005D976A /* FollowerCollectionViewCell.swift */,
				C984B7C02BC55568005D976A /* FollowerCollectionViewCell.xib */,
			);
			path = Cell;
			sourceTree = "<group>";
		};
		C984B7C72BC64343005D976A /* Common */ = {
			isa = PBXGroup;
			children = (
				C984B7C82BC6435C005D976A /* AlertVC.swift */,
				C984B7C92BC6435C005D976A /* AlertVC.xib */,
			);
			path = Common;
			sourceTree = "<group>";
		};
		C995FC0F2BC5231D00C14926 = {
			isa = PBXGroup;
			children = (
				C995FC1A2BC5231D00C14926 /* iOSCoreData */,
				C995FC192BC5231D00C14926 /* Products */,
			);
			sourceTree = "<group>";
		};
		C995FC192BC5231D00C14926 /* Products */ = {
			isa = PBXGroup;
			children = (
				C995FC182BC5231D00C14926 /* iOSCoreData.app */,
			);
			name = Products;
			sourceTree = "<group>";
		};
		C995FC1A2BC5231D00C14926 /* iOSCoreData */ = {
			isa = PBXGroup;
			children = (
				C995FC1B2BC5231D00C14926 /* AppDelegate.swift */,
				C995FC1D2BC5231D00C14926 /* SceneDelegate.swift */,
				C984B7C32BC6286B005D976A /* Constant */,
				C930BB732BC5492500C5A6DF /* Helpers */,
				C930BB702BC536CD00C5A6DF /* Extensions */,
				C930BB682BC5358A00C5A6DF /* Data */,
				C930BB632BC52FCE00C5A6DF /* Models */,
				C984B7C72BC64343005D976A /* Common */,
				C995FC322BC523FB00C14926 /* Scenes */,
				C995FC272BC5231E00C14926 /* Assets.xcassets */,
				C995FC2C2BC5231E00C14926 /* Info.plist */,
				C995FC242BC5231D00C14926 /* iOSCoreData.xcdatamodeld */,
			);
			path = iOSCoreData;
			sourceTree = "<group>";
		};
		C995FC322BC523FB00C14926 /* Scenes */ = {
			isa = PBXGroup;
			children = (
				C995FC332BC5240200C14926 /* Storyboard */,
				C995FC342BC5251800C14926 /* SearchVC */,
				C995FC352BC5251E00C14926 /* FavoriteVC */,
				C995FC362BC5253D00C14926 /* FollowersVC */,
				C995FC372BC5254B00C14926 /* UserInfoVC */,
			);
			path = Scenes;
			sourceTree = "<group>";
		};
		C995FC332BC5240200C14926 /* Storyboard */ = {
			isa = PBXGroup;
			children = (
				C995FC212BC5231D00C14926 /* Main.storyboard */,
				C995FC292BC5231E00C14926 /* LaunchScreen.storyboard */,
			);
			path = Storyboard;
			sourceTree = "<group>";
		};
		C995FC342BC5251800C14926 /* SearchVC */ = {
			isa = PBXGroup;
			children = (
				C995FC382BC5257000C14926 /* SearchVC.swift */,
			);
			path = SearchVC;
			sourceTree = "<group>";
		};
		C995FC352BC5251E00C14926 /* FavoriteVC */ = {
			isa = PBXGroup;
			children = (
				C995FC3A2BC5257B00C14926 /* FavoriteVC.swift */,
			);
			path = FavoriteVC;
			sourceTree = "<group>";
		};
		C995FC362BC5253D00C14926 /* FollowersVC */ = {
			isa = PBXGroup;
			children = (
				C995FC3C2BC5258A00C14926 /* FollowersVC.swift */,
				C995FC3D2BC5258A00C14926 /* FollowersVC.xib */,
				C984B7C62BC62A68005D976A /* Cell */,
			);
			path = FollowersVC;
			sourceTree = "<group>";
		};
		C995FC372BC5254B00C14926 /* UserInfoVC */ = {
			isa = PBXGroup;
			children = (
				C995FC402BC5259800C14926 /* UserInfoVC.swift */,
				C995FC412BC5259800C14926 /* UserInfoVC.xib */,
			);
			path = UserInfoVC;
			sourceTree = "<group>";
		};
/* End PBXGroup section */

/* Begin PBXNativeTarget section */
		C995FC172BC5231D00C14926 /* iOSCoreData */ = {
			isa = PBXNativeTarget;
			buildConfigurationList = C995FC2F2BC5231E00C14926 /* Build configuration list for PBXNativeTarget "iOSCoreData" */;
			buildPhases = (
				C995FC142BC5231D00C14926 /* Sources */,
				C995FC152BC5231D00C14926 /* Frameworks */,
				C995FC162BC5231D00C14926 /* Resources */,
			);
			buildRules = (
			);
			dependencies = (
			);
			name = iOSCoreData;
			productName = iOSCoreData;
			productReference = C995FC182BC5231D00C14926 /* iOSCoreData.app */;
			productType = "com.apple.product-type.application";
		};
/* End PBXNativeTarget section */

/* Begin PBXProject section */
		C995FC102BC5231D00C14926 /* Project object */ = {
			isa = PBXProject;
			attributes = {
				BuildIndependentTargetsInParallel = 1;
				LastSwiftUpdateCheck = 1530;
				LastUpgradeCheck = 1530;
				TargetAttributes = {
					C995FC172BC5231D00C14926 = {
						CreatedOnToolsVersion = 15.3;
					};
				};
			};
			buildConfigurationList = C995FC132BC5231D00C14926 /* Build configuration list for PBXProject "iOSCoreData" */;
			compatibilityVersion = "Xcode 14.0";
			developmentRegion = en;
			hasScannedForEncodings = 0;
			knownRegions = (
				en,
				Base,
			);
			mainGroup = C995FC0F2BC5231D00C14926;
			productRefGroup = C995FC192BC5231D00C14926 /* Products */;
			projectDirPath = "";
			projectRoot = "";
			targets = (
				C995FC172BC5231D00C14926 /* iOSCoreData */,
			);
		};
/* End PBXProject section */

/* Begin PBXResourcesBuildPhase section */
		C995FC162BC5231D00C14926 /* Resources */ = {
			isa = PBXResourcesBuildPhase;
			buildActionMask = 2147483647;
			files = (
				C984B7C12BC55568005D976A /* FollowerCollectionViewCell.xib in Resources */,
				C995FC282BC5231E00C14926 /* Assets.xcassets in Resources */,
				C995FC2B2BC5231E00C14926 /* Base in Resources */,
				C995FC3E2BC5258A00C14926 /* FollowersVC.xib in Resources */,
				C995FC422BC5259800C14926 /* UserInfoVC.xib in Resources */,
				C995FC232BC5231D00C14926 /* Base in Resources */,
				C984B7CA2BC6435C005D976A /* AlertVC.xib in Resources */,
			);
			runOnlyForDeploymentPostprocessing = 0;
		};
/* End PBXResourcesBuildPhase section */

/* Begin PBXSourcesBuildPhase section */
		C995FC142BC5231D00C14926 /* Sources */ = {
			isa = PBXSourcesBuildPhase;
			buildActionMask = 2147483647;
			files = (
				C930BB752BC5494500C5A6DF /* GHFError.swift in Sources */,
				C930BB722BC536E100C5A6DF /* UIViewController+Extension.swift in Sources */,
				C995FC392BC5257000C14926 /* SearchVC.swift in Sources */,
				C984B7CB2BC6435C005D976A /* AlertVC.swift in Sources */,
				C995FC1C2BC5231D00C14926 /* AppDelegate.swift in Sources */,
				C930BB652BC52FE500C5A6DF /* User.swift in Sources */,
				C984B7CD2BC6465B005D976A /* UIView+Extension.swift in Sources */,
				C984B7C52BC6287D005D976A /* Constants.swift in Sources */,
				C930BB6D2BC535CA00C5A6DF /* APICaller.swift in Sources */,
				C995FC3F2BC5258A00C14926 /* FollowersVC.swift in Sources */,
				C995FC262BC5231D00C14926 /* iOSCoreData.xcdatamodeld in Sources */,
				C930BB672BC52FEF00C5A6DF /* Follower.swift in Sources */,
				C995FC432BC5259800C14926 /* UserInfoVC.swift in Sources */,
				C995FC1E2BC5231D00C14926 /* SceneDelegate.swift in Sources */,
				C984B7C22BC55568005D976A /* FollowerCollectionViewCell.swift in Sources */,
				C995FC3B2BC5257B00C14926 /* FavoriteVC.swift in Sources */,
			);
			runOnlyForDeploymentPostprocessing = 0;
		};
/* End PBXSourcesBuildPhase section */

/* Begin PBXVariantGroup section */
		C995FC212BC5231D00C14926 /* Main.storyboard */ = {
			isa = PBXVariantGroup;
			children = (
				C995FC222BC5231D00C14926 /* Base */,
			);
			name = Main.storyboard;
			sourceTree = "<group>";
		};
		C995FC292BC5231E00C14926 /* LaunchScreen.storyboard */ = {
			isa = PBXVariantGroup;
			children = (
				C995FC2A2BC5231E00C14926 /* Base */,
			);
			name = LaunchScreen.storyboard;
			sourceTree = "<group>";
		};
/* End PBXVariantGroup section */

/* Begin XCBuildConfiguration section */
		C995FC2D2BC5231E00C14926 /* Debug */ = {
			isa = XCBuildConfiguration;
			buildSettings = {
				ALWAYS_SEARCH_USER_PATHS = NO;
				ASSETCATALOG_COMPILER_GENERATE_SWIFT_ASSET_SYMBOL_EXTENSIONS = YES;
				CLANG_ANALYZER_NONNULL = YES;
				CLANG_ANALYZER_NUMBER_OBJECT_CONVERSION = YES_AGGRESSIVE;
				CLANG_CXX_LANGUAGE_STANDARD = "gnu++20";
				CLANG_ENABLE_MODULES = YES;
				CLANG_ENABLE_OBJC_ARC = YES;
				CLANG_ENABLE_OBJC_WEAK = YES;
				CLANG_WARN_BLOCK_CAPTURE_AUTORELEASING = YES;
				CLANG_WARN_BOOL_CONVERSION = YES;
				CLANG_WARN_COMMA = YES;
				CLANG_WARN_CONSTANT_CONVERSION = YES;
				CLANG_WARN_DEPRECATED_OBJC_IMPLEMENTATIONS = YES;
				CLANG_WARN_DIRECT_OBJC_ISA_USAGE = YES_ERROR;
				CLANG_WARN_DOCUMENTATION_COMMENTS = YES;
				CLANG_WARN_EMPTY_BODY = YES;
				CLANG_WARN_ENUM_CONVERSION = YES;
				CLANG_WARN_INFINITE_RECURSION = YES;
				CLANG_WARN_INT_CONVERSION = YES;
				CLANG_WARN_NON_LITERAL_NULL_CONVERSION = YES;
				CLANG_WARN_OBJC_IMPLICIT_RETAIN_SELF = YES;
				CLANG_WARN_OBJC_LITERAL_CONVERSION = YES;
				CLANG_WARN_OBJC_ROOT_CLASS = YES_ERROR;
				CLANG_WARN_QUOTED_INCLUDE_IN_FRAMEWORK_HEADER = YES;
				CLANG_WARN_RANGE_LOOP_ANALYSIS = YES;
				CLANG_WARN_STRICT_PROTOTYPES = YES;
				CLANG_WARN_SUSPICIOUS_MOVE = YES;
				CLANG_WARN_UNGUARDED_AVAILABILITY = YES_AGGRESSIVE;
				CLANG_WARN_UNREACHABLE_CODE = YES;
				CLANG_WARN__DUPLICATE_METHOD_MATCH = YES;
				COPY_PHASE_STRIP = NO;
				DEBUG_INFORMATION_FORMAT = dwarf;
				ENABLE_STRICT_OBJC_MSGSEND = YES;
				ENABLE_TESTABILITY = YES;
				ENABLE_USER_SCRIPT_SANDBOXING = YES;
				GCC_C_LANGUAGE_STANDARD = gnu17;
				GCC_DYNAMIC_NO_PIC = NO;
				GCC_NO_COMMON_BLOCKS = YES;
				GCC_OPTIMIZATION_LEVEL = 0;
				GCC_PREPROCESSOR_DEFINITIONS = (
					"DEBUG=1",
					"$(inherited)",
				);
				GCC_WARN_64_TO_32_BIT_CONVERSION = YES;
				GCC_WARN_ABOUT_RETURN_TYPE = YES_ERROR;
				GCC_WARN_UNDECLARED_SELECTOR = YES;
				GCC_WARN_UNINITIALIZED_AUTOS = YES_AGGRESSIVE;
				GCC_WARN_UNUSED_FUNCTION = YES;
				GCC_WARN_UNUSED_VARIABLE = YES;
				IPHONEOS_DEPLOYMENT_TARGET = 17.4;
				LOCALIZATION_PREFERS_STRING_CATALOGS = YES;
				MTL_ENABLE_DEBUG_INFO = INCLUDE_SOURCE;
				MTL_FAST_MATH = YES;
				ONLY_ACTIVE_ARCH = YES;
				SDKROOT = iphoneos;
				SWIFT_ACTIVE_COMPILATION_CONDITIONS = "DEBUG $(inherited)";
				SWIFT_OPTIMIZATION_LEVEL = "-Onone";
			};
			name = Debug;
		};
		C995FC2E2BC5231E00C14926 /* Release */ = {
			isa = XCBuildConfiguration;
			buildSettings = {
				ALWAYS_SEARCH_USER_PATHS = NO;
				ASSETCATALOG_COMPILER_GENERATE_SWIFT_ASSET_SYMBOL_EXTENSIONS = YES;
				CLANG_ANALYZER_NONNULL = YES;
				CLANG_ANALYZER_NUMBER_OBJECT_CONVERSION = YES_AGGRESSIVE;
				CLANG_CXX_LANGUAGE_STANDARD = "gnu++20";
				CLANG_ENABLE_MODULES = YES;
				CLANG_ENABLE_OBJC_ARC = YES;
				CLANG_ENABLE_OBJC_WEAK = YES;
				CLANG_WARN_BLOCK_CAPTURE_AUTORELEASING = YES;
				CLANG_WARN_BOOL_CONVERSION = YES;
				CLANG_WARN_COMMA = YES;
				CLANG_WARN_CONSTANT_CONVERSION = YES;
				CLANG_WARN_DEPRECATED_OBJC_IMPLEMENTATIONS = YES;
				CLANG_WARN_DIRECT_OBJC_ISA_USAGE = YES_ERROR;
				CLANG_WARN_DOCUMENTATION_COMMENTS = YES;
				CLANG_WARN_EMPTY_BODY = YES;
				CLANG_WARN_ENUM_CONVERSION = YES;
				CLANG_WARN_INFINITE_RECURSION = YES;
				CLANG_WARN_INT_CONVERSION = YES;
				CLANG_WARN_NON_LITERAL_NULL_CONVERSION = YES;
				CLANG_WARN_OBJC_IMPLICIT_RETAIN_SELF = YES;
				CLANG_WARN_OBJC_LITERAL_CONVERSION = YES;
				CLANG_WARN_OBJC_ROOT_CLASS = YES_ERROR;
				CLANG_WARN_QUOTED_INCLUDE_IN_FRAMEWORK_HEADER = YES;
				CLANG_WARN_RANGE_LOOP_ANALYSIS = YES;
				CLANG_WARN_STRICT_PROTOTYPES = YES;
				CLANG_WARN_SUSPICIOUS_MOVE = YES;
				CLANG_WARN_UNGUARDED_AVAILABILITY = YES_AGGRESSIVE;
				CLANG_WARN_UNREACHABLE_CODE = YES;
				CLANG_WARN__DUPLICATE_METHOD_MATCH = YES;
				COPY_PHASE_STRIP = NO;
				DEBUG_INFORMATION_FORMAT = "dwarf-with-dsym";
				ENABLE_NS_ASSERTIONS = NO;
				ENABLE_STRICT_OBJC_MSGSEND = YES;
				ENABLE_USER_SCRIPT_SANDBOXING = YES;
				GCC_C_LANGUAGE_STANDARD = gnu17;
				GCC_NO_COMMON_BLOCKS = YES;
				GCC_WARN_64_TO_32_BIT_CONVERSION = YES;
				GCC_WARN_ABOUT_RETURN_TYPE = YES_ERROR;
				GCC_WARN_UNDECLARED_SELECTOR = YES;
				GCC_WARN_UNINITIALIZED_AUTOS = YES_AGGRESSIVE;
				GCC_WARN_UNUSED_FUNCTION = YES;
				GCC_WARN_UNUSED_VARIABLE = YES;
				IPHONEOS_DEPLOYMENT_TARGET = 17.4;
				LOCALIZATION_PREFERS_STRING_CATALOGS = YES;
				MTL_ENABLE_DEBUG_INFO = NO;
				MTL_FAST_MATH = YES;
				SDKROOT = iphoneos;
				SWIFT_COMPILATION_MODE = wholemodule;
				VALIDATE_PRODUCT = YES;
			};
			name = Release;
		};
		C995FC302BC5231E00C14926 /* Debug */ = {
			isa = XCBuildConfiguration;
			buildSettings = {
				ASSETCATALOG_COMPILER_APPICON_NAME = AppIcon;
				ASSETCATALOG_COMPILER_GLOBAL_ACCENT_COLOR_NAME = AccentColor;
				CODE_SIGN_STYLE = Automatic;
				CURRENT_PROJECT_VERSION = 1;
				GENERATE_INFOPLIST_FILE = YES;
				INFOPLIST_FILE = iOSCoreData/Info.plist;
				INFOPLIST_KEY_UIApplicationSupportsIndirectInputEvents = YES;
				INFOPLIST_KEY_UILaunchStoryboardName = LaunchScreen;
				INFOPLIST_KEY_UIMainStoryboardFile = Main;
				INFOPLIST_KEY_UISupportedInterfaceOrientations_iPad = "UIInterfaceOrientationPortrait UIInterfaceOrientationPortraitUpsideDown UIInterfaceOrientationLandscapeLeft UIInterfaceOrientationLandscapeRight";
				INFOPLIST_KEY_UISupportedInterfaceOrientations_iPhone = "UIInterfaceOrientationPortrait UIInterfaceOrientationLandscapeLeft UIInterfaceOrientationLandscapeRight";
				LD_RUNPATH_SEARCH_PATHS = (
					"$(inherited)",
					"@executable_path/Frameworks",
				);
				MARKETING_VERSION = 1.0;
				PRODUCT_BUNDLE_IDENTIFIER = "dev-duynv.iOSCoreData";
				PRODUCT_NAME = "$(TARGET_NAME)";
				SWIFT_EMIT_LOC_STRINGS = YES;
				SWIFT_VERSION = 5.0;
				TARGETED_DEVICE_FAMILY = "1,2";
			};
			name = Debug;
		};
		C995FC312BC5231E00C14926 /* Release */ = {
			isa = XCBuildConfiguration;
			buildSettings = {
				ASSETCATALOG_COMPILER_APPICON_NAME = AppIcon;
				ASSETCATALOG_COMPILER_GLOBAL_ACCENT_COLOR_NAME = AccentColor;
				CODE_SIGN_STYLE = Automatic;
				CURRENT_PROJECT_VERSION = 1;
				GENERATE_INFOPLIST_FILE = YES;
				INFOPLIST_FILE = iOSCoreData/Info.plist;
				INFOPLIST_KEY_UIApplicationSupportsIndirectInputEvents = YES;
				INFOPLIST_KEY_UILaunchStoryboardName = LaunchScreen;
				INFOPLIST_KEY_UIMainStoryboardFile = Main;
				INFOPLIST_KEY_UISupportedInterfaceOrientations_iPad = "UIInterfaceOrientationPortrait UIInterfaceOrientationPortraitUpsideDown UIInterfaceOrientationLandscapeLeft UIInterfaceOrientationLandscapeRight";
				INFOPLIST_KEY_UISupportedInterfaceOrientations_iPhone = "UIInterfaceOrientationPortrait UIInterfaceOrientationLandscapeLeft UIInterfaceOrientationLandscapeRight";
				LD_RUNPATH_SEARCH_PATHS = (
					"$(inherited)",
					"@executable_path/Frameworks",
				);
				MARKETING_VERSION = 1.0;
				PRODUCT_BUNDLE_IDENTIFIER = "dev-duynv.iOSCoreData";
				PRODUCT_NAME = "$(TARGET_NAME)";
				SWIFT_EMIT_LOC_STRINGS = YES;
				SWIFT_VERSION = 5.0;
				TARGETED_DEVICE_FAMILY = "1,2";
			};
			name = Release;
		};
/* End XCBuildConfiguration section */

/* Begin XCConfigurationList section */
		C995FC132BC5231D00C14926 /* Build configuration list for PBXProject "iOSCoreData" */ = {
			isa = XCConfigurationList;
			buildConfigurations = (
				C995FC2D2BC5231E00C14926 /* Debug */,
				C995FC2E2BC5231E00C14926 /* Release */,
			);
			defaultConfigurationIsVisible = 0;
			defaultConfigurationName = Release;
		};
		C995FC2F2BC5231E00C14926 /* Build configuration list for PBXNativeTarget "iOSCoreData" */ = {
			isa = XCConfigurationList;
			buildConfigurations = (
				C995FC302BC5231E00C14926 /* Debug */,
				C995FC312BC5231E00C14926 /* Release */,
			);
			defaultConfigurationIsVisible = 0;
			defaultConfigurationName = Release;
		};
/* End XCConfigurationList section */

/* Begin XCVersionGroup section */
		C995FC242BC5231D00C14926 /* iOSCoreData.xcdatamodeld */ = {
			isa = XCVersionGroup;
			children = (
				C995FC252BC5231D00C14926 /* iOSCoreData.xcdatamodel */,
			);
			currentVersion = C995FC252BC5231D00C14926 /* iOSCoreData.xcdatamodel */;
			path = iOSCoreData.xcdatamodeld;
			sourceTree = "<group>";
			versionGroupType = wrapper.xcdatamodel;
		};
/* End XCVersionGroup section */
	};
	rootObject = C995FC102BC5231D00C14926 /* Project object */;
}
